
Microsoft Visual Studio Solution File, Format Version 12.00
# Visual Studio Version 16
VisualStudioVersion = 16.0.30225.117
MinimumVisualStudioVersion = 10.0.40219.1
Project("{FAE04EC0-301F-11D3-BF4B-00C04F79EFBC}") = "ShitexpressBot", "src\ShitexpressBot\ShitexpressBot.csproj", "{836B18D4-F973-4D40-BE8E-CD50C2FF3B73}"
EndProject
Global
	GlobalSection(SolutionConfigurationPlatforms) = preSolution
		Debug|Any CPU = Debug|Any CPU
		Release|Any CPU = Release|Any CPU
	EndGlobalSection
	GlobalSection(ProjectConfigurationPlatforms) = postSolution
		{836B18D4-F973-4D40-BE8E-CD50C2FF3B73}.Debug|Any CPU.ActiveCfg = Debug|Any CPU
		{836B18D4-F973-4D40-BE8E-CD50C2FF3B73}.Debug|Any CPU.Build.0 = Debug|Any CPU
		{836B18D4-F973-4D40-BE8E-CD50C2FF3B73}.Release|Any CPU.ActiveCfg = Release|Any CPU
		{836B18D4-F973-4D40-BE8E-CD50C2FF3B73}.Release|Any CPU.Build.0 = Release|Any CPU
	EndGlobalSection
	GlobalSection(SolutionProperties) = preSolution
		HideSolutionNode = FALSE
	EndGlobalSection
	GlobalSection(ExtensibilityGlobals) = postSolution
		SolutionGuid = {7ACD368A-AC9A-427B-A813-8C48C223D6DC}
	EndGlobalSection
EndGlobal
